
Microsoft Visual Studio Solution File, Format Version 12.00
# Visual Studio Version 17
VisualStudioVersion = 17.11.35219.272
MinimumVisualStudioVersion = 10.0.40219.1
Project("{D2ABAB84-BF74-430A-B69E-9DC6D40DDA17}") = "MOLAP_AnalysisServiceProject", "MOLAP_AnalysisServiceProject\MOLAP_AnalysisServiceProject.dwproj", "{69D3A4BE-2877-45F3-9D8B-654B2F8552C8}"
EndProject
Global
	GlobalSection(SolutionConfigurationPlatforms) = preSolution
		Development|Default = Development|Default
	EndGlobalSection
	GlobalSection(ProjectConfigurationPlatforms) = postSolution
		{69D3A4BE-2877-45F3-9D8B-654B2F8552C8}.Development|Default.ActiveCfg = Development
		{69D3A4BE-2877-45F3-9D8B-654B2F8552C8}.Development|Default.Build.0 = Development
		{69D3A4BE-2877-45F3-9D8B-654B2F8552C8}.Development|Default.Deploy.0 = Development
	EndGlobalSection
	GlobalSection(SolutionProperties) = preSolution
		HideSolutionNode = FALSE
	EndGlobalSection
	GlobalSection(ExtensibilityGlobals) = postSolution
		SolutionGuid = {342869EE-3623-48EB-BB6A-993B459A7F13}
	EndGlobalSection
EndGlobal
